// !$*UTF8*$!
{
	archiveVersion = 1;
	classes = {
	};
	objectVersion = 50;
	objects = {

/* Begin PBXBuildFile section */
		200521372505EA3C0054B3AD /* PetFinderAPI.swift in Sources */ = {isa = PBXBuildFile; fileRef = 200521362505EA3C0054B3AD /* PetFinderAPI.swift */; };
		200521392505EDDB0054B3AD /* DataStore.swift in Sources */ = {isa = PBXBuildFile; fileRef = 200521382505EDDB0054B3AD /* DataStore.swift */; };
		2005213B2505FAE20054B3AD /* UserAlert.swift in Sources */ = {isa = PBXBuildFile; fileRef = 2005213A2505FAE20054B3AD /* UserAlert.swift */; };
		2005213D2505FCCB0054B3AD /* Token.swift in Sources */ = {isa = PBXBuildFile; fileRef = 2005213C2505FCCB0054B3AD /* Token.swift */; };
		2036891F25062D4B00B76362 /* Errors.swift in Sources */ = {isa = PBXBuildFile; fileRef = 2036891E25062D4B00B76362 /* Errors.swift */; };
		20478080250650CE00319B06 /* ResponseError.swift in Sources */ = {isa = PBXBuildFile; fileRef = 2047807F250650CE00319B06 /* ResponseError.swift */; };
		205D84192505D9580010876B /* AppDelegate.swift in Sources */ = {isa = PBXBuildFile; fileRef = 205D84182505D9580010876B /* AppDelegate.swift */; };
		205D841B2505D9580010876B /* SceneDelegate.swift in Sources */ = {isa = PBXBuildFile; fileRef = 205D841A2505D9580010876B /* SceneDelegate.swift */; };
		205D84232505D9590010876B /* PetFinder.xcdatamodeld in Sources */ = {isa = PBXBuildFile; fileRef = 205D84212505D9590010876B /* PetFinder.xcdatamodeld */; };
		205D84252505D95A0010876B /* Assets.xcassets in Resources */ = {isa = PBXBuildFile; fileRef = 205D84242505D95A0010876B /* Assets.xcassets */; };
		205D84282505D95A0010876B /* LaunchScreen.storyboard in Resources */ = {isa = PBXBuildFile; fileRef = 205D84262505D95A0010876B /* LaunchScreen.storyboard */; };
		205D84352505DF0B0010876B /* Animal.swift in Sources */ = {isa = PBXBuildFile; fileRef = 205D84342505DF0B0010876B /* Animal.swift */; };
		205D84382505E02A0010876B /* LoginViewController.swift in Sources */ = {isa = PBXBuildFile; fileRef = 205D84362505E02A0010876B /* LoginViewController.swift */; };
		205D84392505E02A0010876B /* LoginViewController.xib in Resources */ = {isa = PBXBuildFile; fileRef = 205D84372505E02A0010876B /* LoginViewController.xib */; };
		205F4E382509102A005008F1 /* ImageStore.swift in Sources */ = {isa = PBXBuildFile; fileRef = 205F4E372509102A005008F1 /* ImageStore.swift */; };
		205F4E3B25091C4A005008F1 /* PetDetailsViewController.swift in Sources */ = {isa = PBXBuildFile; fileRef = 205F4E3925091C4A005008F1 /* PetDetailsViewController.swift */; };
		205F4E3C25091C4A005008F1 /* PetDetailsViewController.xib in Resources */ = {isa = PBXBuildFile; fileRef = 205F4E3A25091C4A005008F1 /* PetDetailsViewController.xib */; };
		207D94132508D0CC00A99F4C /* Spinner.swift in Sources */ = {isa = PBXBuildFile; fileRef = 207D94122508D0CC00A99F4C /* Spinner.swift */; };
		20F5EF4A250819B300210E28 /* PetsTableViewCell.xib in Resources */ = {isa = PBXBuildFile; fileRef = 20F5EF49250819B300210E28 /* PetsTableViewCell.xib */; };
		20F5EF4D250819D600210E28 /* PetsTableViewCell.swift in Sources */ = {isa = PBXBuildFile; fileRef = 20F5EF4C250819D600210E28 /* PetsTableViewCell.swift */; };
		20F5EF4F250819E700210E28 /* PetsTableViewController.swift in Sources */ = {isa = PBXBuildFile; fileRef = 20F5EF4E250819E700210E28 /* PetsTableViewController.swift */; };
		20F5EF51250819F700210E28 /* MainPageViewController.swift in Sources */ = {isa = PBXBuildFile; fileRef = 20F5EF50250819F700210E28 /* MainPageViewController.swift */; };
		20F5EF552508242800210E28 /* Nexa Bold.ttf in Resources */ = {isa = PBXBuildFile; fileRef = 20F5EF54250823E000210E28 /* Nexa Bold.ttf */; };
		20F5EF562508242A00210E28 /* Nexa Light.ttf in Resources */ = {isa = PBXBuildFile; fileRef = 20F5EF53250823E000210E28 /* Nexa Light.ttf */; };
/* End PBXBuildFile section */

/* Begin PBXFileReference section */
		200521362505EA3C0054B3AD /* PetFinderAPI.swift */ = {isa = PBXFileReference; lastKnownFileType = sourcecode.swift; path = PetFinderAPI.swift; sourceTree = "<group>"; };
		200521382505EDDB0054B3AD /* DataStore.swift */ = {isa = PBXFileReference; lastKnownFileType = sourcecode.swift; path = DataStore.swift; sourceTree = "<group>"; };
		2005213A2505FAE20054B3AD /* UserAlert.swift */ = {isa = PBXFileReference; fileEncoding = 4; lastKnownFileType = sourcecode.swift; path = UserAlert.swift; sourceTree = "<group>"; };
		2005213C2505FCCB0054B3AD /* Token.swift */ = {isa = PBXFileReference; lastKnownFileType = sourcecode.swift; path = Token.swift; sourceTree = "<group>"; };
		2036891E25062D4B00B76362 /* Errors.swift */ = {isa = PBXFileReference; lastKnownFileType = sourcecode.swift; path = Errors.swift; sourceTree = "<group>"; };
		2047807F250650CE00319B06 /* ResponseError.swift */ = {isa = PBXFileReference; lastKnownFileType = sourcecode.swift; path = ResponseError.swift; sourceTree = "<group>"; };
		205D84152505D9580010876B /* PetFinder.app */ = {isa = PBXFileReference; explicitFileType = wrapper.application; includeInIndex = 0; path = PetFinder.app; sourceTree = BUILT_PRODUCTS_DIR; };
		205D84182505D9580010876B /* AppDelegate.swift */ = {isa = PBXFileReference; lastKnownFileType = sourcecode.swift; path = AppDelegate.swift; sourceTree = "<group>"; };
		205D841A2505D9580010876B /* SceneDelegate.swift */ = {isa = PBXFileReference; lastKnownFileType = sourcecode.swift; path = SceneDelegate.swift; sourceTree = "<group>"; };
		205D84222505D9590010876B /* PetFinder.xcdatamodel */ = {isa = PBXFileReference; lastKnownFileType = wrapper.xcdatamodel; path = PetFinder.xcdatamodel; sourceTree = "<group>"; };
		205D84242505D95A0010876B /* Assets.xcassets */ = {isa = PBXFileReference; lastKnownFileType = folder.assetcatalog; path = Assets.xcassets; sourceTree = "<group>"; };
		205D84272505D95A0010876B /* Base */ = {isa = PBXFileReference; lastKnownFileType = file.storyboard; name = Base; path = Base.lproj/LaunchScreen.storyboard; sourceTree = "<group>"; };
		205D84292505D95A0010876B /* Info.plist */ = {isa = PBXFileReference; lastKnownFileType = text.plist.xml; path = Info.plist; sourceTree = "<group>"; };
		205D84342505DF0B0010876B /* Animal.swift */ = {isa = PBXFileReference; lastKnownFileType = sourcecode.swift; path = Animal.swift; sourceTree = "<group>"; };
		205D84362505E02A0010876B /* LoginViewController.swift */ = {isa = PBXFileReference; lastKnownFileType = sourcecode.swift; path = LoginViewController.swift; sourceTree = "<group>"; };
		205D84372505E02A0010876B /* LoginViewController.xib */ = {isa = PBXFileReference; lastKnownFileType = file.xib; path = LoginViewController.xib; sourceTree = "<group>"; };
		205F4E372509102A005008F1 /* ImageStore.swift */ = {isa = PBXFileReference; fileEncoding = 4; lastKnownFileType = sourcecode.swift; path = ImageStore.swift; sourceTree = "<group>"; };
		205F4E3925091C4A005008F1 /* PetDetailsViewController.swift */ = {isa = PBXFileReference; lastKnownFileType = sourcecode.swift; path = PetDetailsViewController.swift; sourceTree = "<group>"; };
		205F4E3A25091C4A005008F1 /* PetDetailsViewController.xib */ = {isa = PBXFileReference; lastKnownFileType = file.xib; path = PetDetailsViewController.xib; sourceTree = "<group>"; };
		207D94122508D0CC00A99F4C /* Spinner.swift */ = {isa = PBXFileReference; lastKnownFileType = sourcecode.swift; path = Spinner.swift; sourceTree = "<group>"; };
		20F5EF49250819B300210E28 /* PetsTableViewCell.xib */ = {isa = PBXFileReference; fileEncoding = 4; lastKnownFileType = file.xib; path = PetsTableViewCell.xib; sourceTree = "<group>"; };
		20F5EF4C250819D600210E28 /* PetsTableViewCell.swift */ = {isa = PBXFileReference; fileEncoding = 4; lastKnownFileType = sourcecode.swift; path = PetsTableViewCell.swift; sourceTree = "<group>"; };
		20F5EF4E250819E700210E28 /* PetsTableViewController.swift */ = {isa = PBXFileReference; fileEncoding = 4; lastKnownFileType = sourcecode.swift; path = PetsTableViewController.swift; sourceTree = "<group>"; };
		20F5EF50250819F700210E28 /* MainPageViewController.swift */ = {isa = PBXFileReference; fileEncoding = 4; lastKnownFileType = sourcecode.swift; path = MainPageViewController.swift; sourceTree = "<group>"; };
		20F5EF53250823E000210E28 /* Nexa Light.ttf */ = {isa = PBXFileReference; lastKnownFileType = file; path = "Nexa Light.ttf"; sourceTree = "<group>"; };
		20F5EF54250823E000210E28 /* Nexa Bold.ttf */ = {isa = PBXFileReference; lastKnownFileType = file; path = "Nexa Bold.ttf"; sourceTree = "<group>"; };
/* End PBXFileReference section */

/* Begin PBXFrameworksBuildPhase section */
		205D84122505D9580010876B /* Frameworks */ = {
			isa = PBXFrameworksBuildPhase;
			buildActionMask = 2147483647;
			files = (
			);
			runOnlyForDeploymentPostprocessing = 0;
		};
/* End PBXFrameworksBuildPhase section */

/* Begin PBXGroup section */
		205D840C2505D9580010876B = {
			isa = PBXGroup;
			children = (
				205D84172505D9580010876B /* PetFinder */,
				205D84162505D9580010876B /* Products */,
			);
			sourceTree = "<group>";
		};
		205D84162505D9580010876B /* Products */ = {
			isa = PBXGroup;
			children = (
				205D84152505D9580010876B /* PetFinder.app */,
			);
			name = Products;
			sourceTree = "<group>";
		};
		205D84172505D9580010876B /* PetFinder */ = {
			isa = PBXGroup;
			children = (
				205D84182505D9580010876B /* AppDelegate.swift */,
				205D841A2505D9580010876B /* SceneDelegate.swift */,
				205D84302505DACE0010876B /* View */,
				205D84312505DAE30010876B /* Controller */,
				205D842F2505DABD0010876B /* Model */,
				205D84322505DAEF0010876B /* Services */,
				205D84332505DCDB0010876B /* Helpers */,
				20F5EF522508223800210E28 /* Fonts */,
				205D84242505D95A0010876B /* Assets.xcassets */,
				205D84262505D95A0010876B /* LaunchScreen.storyboard */,
				205D84292505D95A0010876B /* Info.plist */,
				205D84212505D9590010876B /* PetFinder.xcdatamodeld */,
			);
			path = PetFinder;
			sourceTree = "<group>";
		};
		205D842F2505DABD0010876B /* Model */ = {
			isa = PBXGroup;
			children = (
				205D84342505DF0B0010876B /* Animal.swift */,
				2005213C2505FCCB0054B3AD /* Token.swift */,
				2047807F250650CE00319B06 /* ResponseError.swift */,
			);
			path = Model;
			sourceTree = "<group>";
		};
		205D84302505DACE0010876B /* View */ = {
			isa = PBXGroup;
			children = (
				20F5EF482508199500210E28 /* Cells */,
				205D84372505E02A0010876B /* LoginViewController.xib */,
				205F4E3A25091C4A005008F1 /* PetDetailsViewController.xib */,
			);
			path = View;
			sourceTree = "<group>";
		};
		205D84312505DAE30010876B /* Controller */ = {
			isa = PBXGroup;
			children = (
				20F5EF4B250819C300210E28 /* Cells */,
				205D84362505E02A0010876B /* LoginViewController.swift */,
				20F5EF50250819F700210E28 /* MainPageViewController.swift */,
				20F5EF4E250819E700210E28 /* PetsTableViewController.swift */,
				205F4E3925091C4A005008F1 /* PetDetailsViewController.swift */,
			);
			path = Controller;
			sourceTree = "<group>";
		};
		205D84322505DAEF0010876B /* Services */ = {
			isa = PBXGroup;
			children = (
				200521362505EA3C0054B3AD /* PetFinderAPI.swift */,
				200521382505EDDB0054B3AD /* DataStore.swift */,
				205F4E372509102A005008F1 /* ImageStore.swift */,
			);
			path = Services;
			sourceTree = "<group>";
		};
		205D84332505DCDB0010876B /* Helpers */ = {
			isa = PBXGroup;
			children = (
				2005213A2505FAE20054B3AD /* UserAlert.swift */,
				2036891E25062D4B00B76362 /* Errors.swift */,
				207D94122508D0CC00A99F4C /* Spinner.swift */,
			);
			path = Helpers;
			sourceTree = "<group>";
		};
		20F5EF482508199500210E28 /* Cells */ = {
			isa = PBXGroup;
			children = (
				20F5EF49250819B300210E28 /* PetsTableViewCell.xib */,
			);
			path = Cells;
			sourceTree = "<group>";
		};
		20F5EF4B250819C300210E28 /* Cells */ = {
			isa = PBXGroup;
			children = (
				20F5EF4C250819D600210E28 /* PetsTableViewCell.swift */,
			);
			path = Cells;
			sourceTree = "<group>";
		};
		20F5EF522508223800210E28 /* Fonts */ = {
			isa = PBXGroup;
			children = (
				20F5EF54250823E000210E28 /* Nexa Bold.ttf */,
				20F5EF53250823E000210E28 /* Nexa Light.ttf */,
			);
			path = Fonts;
			sourceTree = "<group>";
		};
/* End PBXGroup section */

/* Begin PBXNativeTarget section */
		205D84142505D9580010876B /* PetFinder */ = {
			isa = PBXNativeTarget;
			buildConfigurationList = 205D842C2505D95A0010876B /* Build configuration list for PBXNativeTarget "PetFinder" */;
			buildPhases = (
				205D84112505D9580010876B /* Sources */,
				205D84122505D9580010876B /* Frameworks */,
				205D84132505D9580010876B /* Resources */,
			);
			buildRules = (
			);
			dependencies = (
			);
			name = PetFinder;
			productName = PetFinder;
			productReference = 205D84152505D9580010876B /* PetFinder.app */;
			productType = "com.apple.product-type.application";
		};
/* End PBXNativeTarget section */

/* Begin PBXProject section */
		205D840D2505D9580010876B /* Project object */ = {
			isa = PBXProject;
			attributes = {
				LastSwiftUpdateCheck = 1150;
				LastUpgradeCheck = 1150;
				ORGANIZATIONNAME = "Ali Sajadi";
				TargetAttributes = {
					205D84142505D9580010876B = {
						CreatedOnToolsVersion = 11.5;
					};
				};
			};
			buildConfigurationList = 205D84102505D9580010876B /* Build configuration list for PBXProject "PetFinder" */;
			compatibilityVersion = "Xcode 9.3";
			developmentRegion = en;
			hasScannedForEncodings = 0;
			knownRegions = (
				en,
				Base,
			);
			mainGroup = 205D840C2505D9580010876B;
			productRefGroup = 205D84162505D9580010876B /* Products */;
			projectDirPath = "";
			projectRoot = "";
			targets = (
				205D84142505D9580010876B /* PetFinder */,
			);
		};
/* End PBXProject section */

/* Begin PBXResourcesBuildPhase section */
		205D84132505D9580010876B /* Resources */ = {
			isa = PBXResourcesBuildPhase;
			buildActionMask = 2147483647;
			files = (
				20F5EF562508242A00210E28 /* Nexa Light.ttf in Resources */,
				205D84392505E02A0010876B /* LoginViewController.xib in Resources */,
				205F4E3C25091C4A005008F1 /* PetDetailsViewController.xib in Resources */,
				20F5EF4A250819B300210E28 /* PetsTableViewCell.xib in Resources */,
				205D84282505D95A0010876B /* LaunchScreen.storyboard in Resources */,
				20F5EF552508242800210E28 /* Nexa Bold.ttf in Resources */,
				205D84252505D95A0010876B /* Assets.xcassets in Resources */,
			);
			runOnlyForDeploymentPostprocessing = 0;
		};
/* End PBXResourcesBuildPhase section */

/* Begin PBXSourcesBuildPhase section */
		205D84112505D9580010876B /* Sources */ = {
			isa = PBXSourcesBuildPhase;
			buildActionMask = 2147483647;
			files = (
				2005213D2505FCCB0054B3AD /* Token.swift in Sources */,
				200521392505EDDB0054B3AD /* DataStore.swift in Sources */,
				20F5EF4F250819E700210E28 /* PetsTableViewController.swift in Sources */,
				205D84352505DF0B0010876B /* Animal.swift in Sources */,
				207D94132508D0CC00A99F4C /* Spinner.swift in Sources */,
				205F4E3B25091C4A005008F1 /* PetDetailsViewController.swift in Sources */,
				205D84192505D9580010876B /* AppDelegate.swift in Sources */,
				200521372505EA3C0054B3AD /* PetFinderAPI.swift in Sources */,
				20F5EF4D250819D600210E28 /* PetsTableViewCell.swift in Sources */,
				20478080250650CE00319B06 /* ResponseError.swift in Sources */,
				20F5EF51250819F700210E28 /* MainPageViewController.swift in Sources */,
				205D841B2505D9580010876B /* SceneDelegate.swift in Sources */,
				205F4E382509102A005008F1 /* ImageStore.swift in Sources */,
				2036891F25062D4B00B76362 /* Errors.swift in Sources */,
				2005213B2505FAE20054B3AD /* UserAlert.swift in Sources */,
				205D84382505E02A0010876B /* LoginViewController.swift in Sources */,
				205D84232505D9590010876B /* PetFinder.xcdatamodeld in Sources */,
			);
			runOnlyForDeploymentPostprocessing = 0;
		};
/* End PBXSourcesBuildPhase section */

/* Begin PBXVariantGroup section */
		205D84262505D95A0010876B /* LaunchScreen.storyboard */ = {
			isa = PBXVariantGroup;
			children = (
				205D84272505D95A0010876B /* Base */,
			);
			name = LaunchScreen.storyboard;
			sourceTree = "<group>";
		};
/* End PBXVariantGroup section */

/* Begin XCBuildConfiguration section */
		205D842A2505D95A0010876B /* Debug */ = {
			isa = XCBuildConfiguration;
			buildSettings = {
				ALWAYS_SEARCH_USER_PATHS = NO;
				CLANG_ANALYZER_NONNULL = YES;
				CLANG_ANALYZER_NUMBER_OBJECT_CONVERSION = YES_AGGRESSIVE;
				CLANG_CXX_LANGUAGE_STANDARD = "gnu++14";
				CLANG_CXX_LIBRARY = "libc++";
				CLANG_ENABLE_MODULES = YES;
				CLANG_ENABLE_OBJC_ARC = YES;
				CLANG_ENABLE_OBJC_WEAK = YES;
				CLANG_WARN_BLOCK_CAPTURE_AUTORELEASING = YES;
				CLANG_WARN_BOOL_CONVERSION = YES;
				CLANG_WARN_COMMA = YES;
				CLANG_WARN_CONSTANT_CONVERSION = YES;
				CLANG_WARN_DEPRECATED_OBJC_IMPLEMENTATIONS = YES;
				CLANG_WARN_DIRECT_OBJC_ISA_USAGE = YES_ERROR;
				CLANG_WARN_DOCUMENTATION_COMMENTS = YES;
				CLANG_WARN_EMPTY_BODY = YES;
				CLANG_WARN_ENUM_CONVERSION = YES;
				CLANG_WARN_INFINITE_RECURSION = YES;
				CLANG_WARN_INT_CONVERSION = YES;
				CLANG_WARN_NON_LITERAL_NULL_CONVERSION = YES;
				CLANG_WARN_OBJC_IMPLICIT_RETAIN_SELF = YES;
				CLANG_WARN_OBJC_LITERAL_CONVERSION = YES;
				CLANG_WARN_OBJC_ROOT_CLASS = YES_ERROR;
				CLANG_WARN_RANGE_LOOP_ANALYSIS = YES;
				CLANG_WARN_STRICT_PROTOTYPES = YES;
				CLANG_WARN_SUSPICIOUS_MOVE = YES;
				CLANG_WARN_UNGUARDED_AVAILABILITY = YES_AGGRESSIVE;
				CLANG_WARN_UNREACHABLE_CODE = YES;
				CLANG_WARN__DUPLICATE_METHOD_MATCH = YES;
				COPY_PHASE_STRIP = NO;
				DEBUG_INFORMATION_FORMAT = dwarf;
				ENABLE_STRICT_OBJC_MSGSEND = YES;
				ENABLE_TESTABILITY = YES;
				GCC_C_LANGUAGE_STANDARD = gnu11;
				GCC_DYNAMIC_NO_PIC = NO;
				GCC_NO_COMMON_BLOCKS = YES;
				GCC_OPTIMIZATION_LEVEL = 0;
				GCC_PREPROCESSOR_DEFINITIONS = (
					"DEBUG=1",
					"$(inherited)",
				);
				GCC_WARN_64_TO_32_BIT_CONVERSION = YES;
				GCC_WARN_ABOUT_RETURN_TYPE = YES_ERROR;
				GCC_WARN_UNDECLARED_SELECTOR = YES;
				GCC_WARN_UNINITIALIZED_AUTOS = YES_AGGRESSIVE;
				GCC_WARN_UNUSED_FUNCTION = YES;
				GCC_WARN_UNUSED_VARIABLE = YES;
				IPHONEOS_DEPLOYMENT_TARGET = 13.5;
				MTL_ENABLE_DEBUG_INFO = INCLUDE_SOURCE;
				MTL_FAST_MATH = YES;
				ONLY_ACTIVE_ARCH = YES;
				SDKROOT = iphoneos;
				SWIFT_ACTIVE_COMPILATION_CONDITIONS = DEBUG;
				SWIFT_OPTIMIZATION_LEVEL = "-Onone";
			};
			name = Debug;
		};
		205D842B2505D95A0010876B /* Release */ = {
			isa = XCBuildConfiguration;
			buildSettings = {
				ALWAYS_SEARCH_USER_PATHS = NO;
				CLANG_ANALYZER_NONNULL = YES;
				CLANG_ANALYZER_NUMBER_OBJECT_CONVERSION = YES_AGGRESSIVE;
				CLANG_CXX_LANGUAGE_STANDARD = "gnu++14";
				CLANG_CXX_LIBRARY = "libc++";
				CLANG_ENABLE_MODULES = YES;
				CLANG_ENABLE_OBJC_ARC = YES;
				CLANG_ENABLE_OBJC_WEAK = YES;
				CLANG_WARN_BLOCK_CAPTURE_AUTORELEASING = YES;
				CLANG_WARN_BOOL_CONVERSION = YES;
				CLANG_WARN_COMMA = YES;
				CLANG_WARN_CONSTANT_CONVERSION = YES;
				CLANG_WARN_DEPRECATED_OBJC_IMPLEMENTATIONS = YES;
				CLANG_WARN_DIRECT_OBJC_ISA_USAGE = YES_ERROR;
				CLANG_WARN_DOCUMENTATION_COMMENTS = YES;
				CLANG_WARN_EMPTY_BODY = YES;
				CLANG_WARN_ENUM_CONVERSION = YES;
				CLANG_WARN_INFINITE_RECURSION = YES;
				CLANG_WARN_INT_CONVERSION = YES;
				CLANG_WARN_NON_LITERAL_NULL_CONVERSION = YES;
				CLANG_WARN_OBJC_IMPLICIT_RETAIN_SELF = YES;
				CLANG_WARN_OBJC_LITERAL_CONVERSION = YES;
				CLANG_WARN_OBJC_ROOT_CLASS = YES_ERROR;
				CLANG_WARN_RANGE_LOOP_ANALYSIS = YES;
				CLANG_WARN_STRICT_PROTOTYPES = YES;
				CLANG_WARN_SUSPICIOUS_MOVE = YES;
				CLANG_WARN_UNGUARDED_AVAILABILITY = YES_AGGRESSIVE;
				CLANG_WARN_UNREACHABLE_CODE = YES;
				CLANG_WARN__DUPLICATE_METHOD_MATCH = YES;
				COPY_PHASE_STRIP = NO;
				DEBUG_INFORMATION_FORMAT = "dwarf-with-dsym";
				ENABLE_NS_ASSERTIONS = NO;
				ENABLE_STRICT_OBJC_MSGSEND = YES;
				GCC_C_LANGUAGE_STANDARD = gnu11;
				GCC_NO_COMMON_BLOCKS = YES;
				GCC_WARN_64_TO_32_BIT_CONVERSION = YES;
				GCC_WARN_ABOUT_RETURN_TYPE = YES_ERROR;
				GCC_WARN_UNDECLARED_SELECTOR = YES;
				GCC_WARN_UNINITIALIZED_AUTOS = YES_AGGRESSIVE;
				GCC_WARN_UNUSED_FUNCTION = YES;
				GCC_WARN_UNUSED_VARIABLE = YES;
				IPHONEOS_DEPLOYMENT_TARGET = 13.5;
				MTL_ENABLE_DEBUG_INFO = NO;
				MTL_FAST_MATH = YES;
				SDKROOT = iphoneos;
				SWIFT_COMPILATION_MODE = wholemodule;
				SWIFT_OPTIMIZATION_LEVEL = "-O";
				VALIDATE_PRODUCT = YES;
			};
			name = Release;
		};
		205D842D2505D95A0010876B /* Debug */ = {
			isa = XCBuildConfiguration;
			buildSettings = {
				ASSETCATALOG_COMPILER_APPICON_NAME = AppIcon;
				CODE_SIGN_STYLE = Automatic;
				INFOPLIST_FILE = PetFinder/Info.plist;
				LD_RUNPATH_SEARCH_PATHS = (
					"$(inherited)",
					"@executable_path/Frameworks",
				);
				PRODUCT_BUNDLE_IDENTIFIER = ir.appcade.PetFinder;
				PRODUCT_NAME = "$(TARGET_NAME)";
				SWIFT_VERSION = 5.0;
				TARGETED_DEVICE_FAMILY = "1,2";
			};
			name = Debug;
		};
		205D842E2505D95A0010876B /* Release */ = {
			isa = XCBuildConfiguration;
			buildSettings = {
				ASSETCATALOG_COMPILER_APPICON_NAME = AppIcon;
				CODE_SIGN_STYLE = Automatic;
				INFOPLIST_FILE = PetFinder/Info.plist;
				LD_RUNPATH_SEARCH_PATHS = (
					"$(inherited)",
					"@executable_path/Frameworks",
				);
				PRODUCT_BUNDLE_IDENTIFIER = ir.appcade.PetFinder;
				PRODUCT_NAME = "$(TARGET_NAME)";
				SWIFT_VERSION = 5.0;
				TARGETED_DEVICE_FAMILY = "1,2";
			};
			name = Release;
		};
/* End XCBuildConfiguration section */

/* Begin XCConfigurationList section */
		205D84102505D9580010876B /* Build configuration list for PBXProject "PetFinder" */ = {
			isa = XCConfigurationList;
			buildConfigurations = (
				205D842A2505D95A0010876B /* Debug */,
				205D842B2505D95A0010876B /* Release */,
			);
			defaultConfigurationIsVisible = 0;
			defaultConfigurationName = Release;
		};
		205D842C2505D95A0010876B /* Build configuration list for PBXNativeTarget "PetFinder" */ = {
			isa = XCConfigurationList;
			buildConfigurations = (
				205D842D2505D95A0010876B /* Debug */,
				205D842E2505D95A0010876B /* Release */,
			);
			defaultConfigurationIsVisible = 0;
			defaultConfigurationName = Release;
		};
/* End XCConfigurationList section */

/* Begin XCVersionGroup section */
		205D84212505D9590010876B /* PetFinder.xcdatamodeld */ = {
			isa = XCVersionGroup;
			children = (
				205D84222505D9590010876B /* PetFinder.xcdatamodel */,
			);
			currentVersion = 205D84222505D9590010876B /* PetFinder.xcdatamodel */;
			path = PetFinder.xcdatamodeld;
			sourceTree = "<group>";
			versionGroupType = wrapper.xcdatamodel;
		};
/* End XCVersionGroup section */
	};
	rootObject = 205D840D2505D9580010876B /* Project object */;
}
